
Microsoft Visual Studio Solution File, Format Version 12.00
# Visual Studio 15
VisualStudioVersion = 15.0.27130.2024
MinimumVisualStudioVersion = 10.0.40219.1
Project("{FAE04EC0-301F-11D3-BF4B-00C04F79EFBC}") = "ADC", "ADC\ADC.csproj", "{40D9A551-6B78-4114-8288-4BE3CC34560C}"
EndProject
Global
	GlobalSection(SolutionConfigurationPlatforms) = preSolution
		Debug|Any CPU = Debug|Any CPU
		Release|Any CPU = Release|Any CPU
	EndGlobalSection
	GlobalSection(ProjectConfigurationPlatforms) = postSolution
		{40D9A551-6B78-4114-8288-4BE3CC34560C}.Debug|Any CPU.ActiveCfg = Debug|Any CPU
		{40D9A551-6B78-4114-8288-4BE3CC34560C}.Debug|Any CPU.Build.0 = Debug|Any CPU
		{40D9A551-6B78-4114-8288-4BE3CC34560C}.Release|Any CPU.ActiveCfg = Release|Any CPU
		{40D9A551-6B78-4114-8288-4BE3CC34560C}.Release|Any CPU.Build.0 = Release|Any CPU
	EndGlobalSection
	GlobalSection(SolutionProperties) = preSolution
		HideSolutionNode = FALSE
	EndGlobalSection
	GlobalSection(ExtensibilityGlobals) = postSolution
		SolutionGuid = {4E3F141E-C0D2-4277-8805-465F674EAE11}
	EndGlobalSection
EndGlobal
